
Microsoft Visual Studio Solution File, Format Version 12.00
# Visual Studio Version 16
VisualStudioVersion = 16.0.34601.136
MinimumVisualStudioVersion = 10.0.40219.1
Project("{8BC9CEB8-8B4A-11D0-8D11-00A0C91BC942}") = "Project1", "Project1\Project1.vcxproj", "{B08EA080-8DF0-4570-80BD-68A289B9C722}"
EndProject
Project("{8BC9CEB8-8B4A-11D0-8D11-00A0C91BC942}") = "UnitTest1", "UnitTest1\UnitTest1.vcxproj", "{6E959694-CE94-4E6C-8606-608463FB2A8F}"
EndProject
Global
	GlobalSection(SolutionConfigurationPlatforms) = preSolution
		Debug|x64 = Debug|x64
		Debug|x86 = Debug|x86
		Release|x64 = Release|x64
		Release|x86 = Release|x86
	EndGlobalSection
	GlobalSection(ProjectConfigurationPlatforms) = postSolution
		{B08EA080-8DF0-4570-80BD-68A289B9C722}.Debug|x64.ActiveCfg = Debug|x64
		{B08EA080-8DF0-4570-80BD-68A289B9C722}.Debug|x64.Build.0 = Debug|x64
		{B08EA080-8DF0-4570-80BD-68A289B9C722}.Debug|x86.ActiveCfg = Debug|Win32
		{B08EA080-8DF0-4570-80BD-68A289B9C722}.Debug|x86.Build.0 = Debug|Win32
		{B08EA080-8DF0-4570-80BD-68A289B9C722}.Release|x64.ActiveCfg = Release|x64
		{B08EA080-8DF0-4570-80BD-68A289B9C722}.Release|x64.Build.0 = Release|x64
		{B08EA080-8DF0-4570-80BD-68A289B9C722}.Release|x86.ActiveCfg = Release|Win32
		{B08EA080-8DF0-4570-80BD-68A289B9C722}.Release|x86.Build.0 = Release|Win32
		{6E959694-CE94-4E6C-8606-608463FB2A8F}.Debug|x64.ActiveCfg = Debug|x64
		{6E959694-CE94-4E6C-8606-608463FB2A8F}.Debug|x64.Build.0 = Debug|x64
		{6E959694-CE94-4E6C-8606-608463FB2A8F}.Debug|x86.ActiveCfg = Debug|Win32
		{6E959694-CE94-4E6C-8606-608463FB2A8F}.Debug|x86.Build.0 = Debug|Win32
		{6E959694-CE94-4E6C-8606-608463FB2A8F}.Release|x64.ActiveCfg = Release|x64
		{6E959694-CE94-4E6C-8606-608463FB2A8F}.Release|x64.Build.0 = Release|x64
		{6E959694-CE94-4E6C-8606-608463FB2A8F}.Release|x86.ActiveCfg = Release|Win32
		{6E959694-CE94-4E6C-8606-608463FB2A8F}.Release|x86.Build.0 = Release|Win32
	EndGlobalSection
	GlobalSection(SolutionProperties) = preSolution
		HideSolutionNode = FALSE
	EndGlobalSection
	GlobalSection(ExtensibilityGlobals) = postSolution
		SolutionGuid = {E7CCABE0-9748-401E-AE16-DFA1DA2C1B0C}
	EndGlobalSection
EndGlobal
